
Microsoft Visual Studio Solution File, Format Version 12.00
# Visual Studio Version 16
VisualStudioVersion = 16.0.30907.101
MinimumVisualStudioVersion = 10.0.40219.1
Project("{9A19103F-16F7-4668-BE54-9A1E7A4F7556}") = "ClassesEInterfaces", "ClassesEInterfaces.csproj", "{C9F55406-CF76-49AC-8864-0685527AFF99}"
EndProject
Project("{9A19103F-16F7-4668-BE54-9A1E7A4F7556}") = "AnimaisEInterface", "..\AnimaisEInterface\AnimaisEInterface.csproj", "{454553B1-5FC3-4E0B-AAF5-94102E227DA1}"
EndProject
Project("{FAE04EC0-301F-11D3-BF4B-00C04F79EFBC}") = "WindowsFormsAprendizado", "..\WindowsFormsAprendizado\WindowsFormsAprendizado.csproj", "{EA1A72D2-2742-436A-91AF-85E8560DDF2B}"
EndProject
Project("{FAE04EC0-301F-11D3-BF4B-00C04F79EFBC}") = "DesafioMatematica", "..\DesafioMatematica\DesafioMatematica.csproj", "{0DC3E8C1-695F-4E77-87C5-6604ADE76314}"
EndProject
Global
	GlobalSection(SolutionConfigurationPlatforms) = preSolution
		Debug|Any CPU = Debug|Any CPU
		Release|Any CPU = Release|Any CPU
	EndGlobalSection
	GlobalSection(ProjectConfigurationPlatforms) = postSolution
		{C9F55406-CF76-49AC-8864-0685527AFF99}.Debug|Any CPU.ActiveCfg = Debug|Any CPU
		{C9F55406-CF76-49AC-8864-0685527AFF99}.Debug|Any CPU.Build.0 = Debug|Any CPU
		{C9F55406-CF76-49AC-8864-0685527AFF99}.Release|Any CPU.ActiveCfg = Release|Any CPU
		{C9F55406-CF76-49AC-8864-0685527AFF99}.Release|Any CPU.Build.0 = Release|Any CPU
		{454553B1-5FC3-4E0B-AAF5-94102E227DA1}.Debug|Any CPU.ActiveCfg = Debug|Any CPU
		{454553B1-5FC3-4E0B-AAF5-94102E227DA1}.Debug|Any CPU.Build.0 = Debug|Any CPU
		{454553B1-5FC3-4E0B-AAF5-94102E227DA1}.Release|Any CPU.ActiveCfg = Release|Any CPU
		{454553B1-5FC3-4E0B-AAF5-94102E227DA1}.Release|Any CPU.Build.0 = Release|Any CPU
		{EA1A72D2-2742-436A-91AF-85E8560DDF2B}.Debug|Any CPU.ActiveCfg = Debug|Any CPU
		{EA1A72D2-2742-436A-91AF-85E8560DDF2B}.Debug|Any CPU.Build.0 = Debug|Any CPU
		{EA1A72D2-2742-436A-91AF-85E8560DDF2B}.Release|Any CPU.ActiveCfg = Release|Any CPU
		{EA1A72D2-2742-436A-91AF-85E8560DDF2B}.Release|Any CPU.Build.0 = Release|Any CPU
		{0DC3E8C1-695F-4E77-87C5-6604ADE76314}.Debug|Any CPU.ActiveCfg = Debug|Any CPU
		{0DC3E8C1-695F-4E77-87C5-6604ADE76314}.Debug|Any CPU.Build.0 = Debug|Any CPU
		{0DC3E8C1-695F-4E77-87C5-6604ADE76314}.Release|Any CPU.ActiveCfg = Release|Any CPU
		{0DC3E8C1-695F-4E77-87C5-6604ADE76314}.Release|Any CPU.Build.0 = Release|Any CPU
	EndGlobalSection
	GlobalSection(SolutionProperties) = preSolution
		HideSolutionNode = FALSE
	EndGlobalSection
	GlobalSection(ExtensibilityGlobals) = postSolution
		SolutionGuid = {2100A882-7D65-4408-BF89-FC859C7BD856}
	EndGlobalSection
EndGlobal
